<?xml version="1.0" encoding="utf-8"?>
<Project ToolsVersion="4.0" xmlns="http://schemas.microsoft.com/developer/msbuild/2003">
  <ItemGroup>
    <Filter Include="Source Files">
      <UniqueIdentifier>{4FC737F1-C7A5-4376-A066-2A32D752A2FF}</UniqueIdentifier>
      <Extensions>cpp;c;cc;cxx;c++;cppm;ixx;def;odl;idl;hpj;bat;asm;asmx</Extensions>
    </Filter>
    <Filter Include="Header Files">
      <UniqueIdentifier>{93995380-89BD-4b04-88EB-625FBE52EBFB}</UniqueIdentifier>
      <Extensions>h;hh;hpp;hxx;h++;hm;inl;inc;ipp;xsd</Extensions>
    </Filter>
    <Filter Include="Resource Files">
      <UniqueIdentifier>{67DA6AB6-F800-4c08-8B7A-83BB121AAD01}</UniqueIdentifier>
      <Extensions>rc;ico;cur;bmp;dlg;rc2;rct;bin;rgs;gif;jpg;jpeg;jpe;resx;tiff;tif;png;wav;mfcribbon-ms</Extensions>
    </Filter>
  </ItemGroup>
  <ItemGroup>
    <ClCompile Include="MediaConvertionTask.cpp">
      <Filter>Source Files</Filter>
    </ClCompile>
    <ClCompile Include="MediaConvertionAsyncTask.cpp">
      <Filter>Source Files</Filter>
    </ClCompile>
    <ClCompile Include="FolderCompare.cpp">
      <Filter>Source Files</Filter>
    </ClCompile>
    <ClCompile Include="FlacConvertMain.cpp">
      <Filter>Source Files</Filter>
    </ClCompile>
    <ClCompile Include="FolderConvert.cpp">
      <Filter>Source Files</Filter>
    </ClCompile>
    <ClCompile Include="AlbumCollection.cpp">
      <Filter>Source Files</Filter>
    </ClCompile>
    <ClCompile Include="WindowsHelpers.cpp">
      <Filter>Source Files</Filter>
    </ClCompile>
  </ItemGroup>
  <ItemGroup>
    <ClInclude Include="MediaConvertionTask.h">
      <Filter>Header Files</Filter>
    </ClInclude>
    <ClInclude Include="MediaConvertionAsyncTask.h">
      <Filter>Header Files</Filter>
    </ClInclude>
    <ClInclude Include="FolderCompare.h">
      <Filter>Header Files</Filter>
    </ClInclude>
    <ClInclude Include="FolderConvert.h">
      <Filter>Header Files</Filter>
    </ClInclude>
    <ClInclude Include="MediaInformation.h">
      <Filter>Header Files</Filter>
    </ClInclude>
    <ClInclude Include="AlbumCollection.h">
      <Filter>Header Files</Filter>
    </ClInclude>
    <ClInclude Include="WindowsHelpers.h">
      <Filter>Header Files</Filter>
    </ClInclude>
  </ItemGroup>
</Project>